
Microsoft Visual Studio Solution File, Format Version 12.00
# Visual Studio Version 17
VisualStudioVersion = 17.14.37328.6 d17.14
MinimumVisualStudioVersion = 10.0.40219.1
Project("{FAE04EC0-301F-11D3-BF4B-00C04F79EFBC}") = "pryPracticaMensualEquipo2", "pryPracticaMensualEquipo2.csproj", "{515BFB80-6797-4C7F-8693-62B7DBED8229}"
EndProject
Global
	GlobalSection(SolutionConfigurationPlatforms) = preSolution
		Debug|Any CPU = Debug|Any CPU
		Release|Any CPU = Release|Any CPU
	EndGlobalSection
	GlobalSection(ProjectConfigurationPlatforms) = postSolution
		{515BFB80-6797-4C7F-8693-62B7DBED8229}.Debug|Any CPU.ActiveCfg = Debug|Any CPU
		{515BFB80-6797-4C7F-8693-62B7DBED8229}.Debug|Any CPU.Build.0 = Debug|Any CPU
		{515BFB80-6797-4C7F-8693-62B7DBED8229}.Release|Any CPU.ActiveCfg = Release|Any CPU
		{515BFB80-6797-4C7F-8693-62B7DBED8229}.Release|Any CPU.Build.0 = Release|Any CPU
	EndGlobalSection
	GlobalSection(SolutionProperties) = preSolution
		HideSolutionNode = FALSE
	EndGlobalSection
	GlobalSection(ExtensibilityGlobals) = postSolution
		SolutionGuid = {40484D3F-6C63-433B-96FF-A8222D25F12F}
	EndGlobalSection
EndGlobal
